# This file is automatically @generated by Cargo.
# It is not intended for manual editing.
version = 3

[[package]]
name = "byte_string"
version = "1.0.0"
source = "registry+https://github.com/rust-lang/crates.io-index"
checksum = "11aade7a05aa8c3a351cedc44c3fc45806430543382fcc4743a9b757a2a0b4ed"

[[package]]
name = "day1"
version = "0.1.0"
dependencies = [
 "useful",
]

[[package]]
name = "day2"
version = "0.1.0"

[[package]]
name = "day3"
version = "0.1.0"
dependencies = [
 "byte_string",
]

[[package]]
name = "day4"
version = "0.1.0"

[[package]]
name = "day5"
version = "0.1.0"

[[package]]
name = "day6"
version = "0.1.0"

[[package]]
name = "day7"
version = "0.1.0"

[[package]]
name = "day8"
version = "0.1.0"

[[package]]
name = "day9"
version = "0.1.0"

[[package]]
name = "useful"
version = "0.1.0"
